github.com/DataDog/zstd v1.5.5 h1:oWf5W7GtOLgp6bciQYDmhHHjdhYkALu6S/5Ni9ZgSvQ=
github.com/DataDog/zstd v1.5.5/go.mod h1:g4AWEaM3yOg3HYfnJ3YIawPnVdXJh9QME85blwSAmyw=
github.com/davecgh/go-spew v1.1.1 h1:vj9j/u1bqnvCEfJOwUhtlOARqs3+rkHYY13jYWTU97c=
github.com/davecgh/go-spew v1.1.1/go.mod h1:J7Y8YcW2NihsgmVo/mv3lAwl/skON4iLHjSsI+c5H38=
github.com/lightsparkdev/go-sdk v0.15.0 h1:riGp+sa+6C5Gn/nqz6vKh1VkSE9ZsjAtWbDh5/bZdwU=
github.com/lightsparkdev/go-sdk v0.15.0/go.mod h1:J7O1+l+oR1P9YTUVnlGLSIRltUnjS7Gw6X0KJR6Telc=
github.com/lightsparkdev/lightspark-crypto-uniffi/lightspark-crypto-go v0.4.1 h1:tf7gkzIJKJuVGGheP+2hrJe/638BXVr9fjf7XiQhXXQ=
github.com/lightsparkdev/lightspark-crypto-uniffi/lightspark-crypto-go v0.4.1/go.mod h1:iecorZruwbWKa6I5vjGQrAR9Smie8Rke4Vy6Pg8h0NU=
github.com/pmezard/go-difflib v1.0.0 h1:4DBwDE0NGyQoBHbLQYPwSUPoCMWR5BEzIk/f1lZbAQM=
github.com/pmezard/go-difflib v1.0.0/go.mod h1:iKH77koFhYxTK1pcRnkKkqfTogsbg7gZNVY4sRDYZ/4=
github.com/stretchr/testify v1.8.4 h1:CcVxjf3Q8PM0mHUKJCdn+eZZtm5yQwehR5yeSVQQcUk=
github.com/stretchr/testify v1.8.4/go.mod h1:sz/lmYIOXD/1dqDmKjjqLyZ2RngseejIcXlSw2iwfAo=
gopkg.in/yaml.v3 v3.0.1 h1:fxVm/GzAzEWqLHuvctI91KS9hhNmmWOoWu0XTYJS7CA=
gopkg.in/yaml.v3 v3.0.1/go.mod h1:K4uyk7z7BCEPqu6E+C64Yfv1cQ7kz7rIZviUmN+EgEM=
